// !$*UTF8*$!
{
	archiveVersion = 1;
	classes = {
	};
	objectVersion = 46;
	objects = {

/* Begin PBXBuildFile section */
		1843B8DD204F85B1002097E1 /* JWCustomFontViewController.swift in Sources */ = {isa = PBXBuildFile; fileRef = 1843B8DC204F85B1002097E1 /* JWCustomFontViewController.swift */; };
		1850513E204E395A001F8C2C /* UIColor+LJW.swift in Sources */ = {isa = PBXBuildFile; fileRef = 1850513D204E395A001F8C2C /* UIColor+LJW.swift */; };
		18505141204E39BA001F8C2C /* GlobalConst.swift in Sources */ = {isa = PBXBuildFile; fileRef = 18505140204E39BA001F8C2C /* GlobalConst.swift */; };
		1882290A204D36E900EE7B3A /* JWStopWatchVController.swift in Sources */ = {isa = PBXBuildFile; fileRef = 18822909204D36E900EE7B3A /* JWStopWatchVController.swift */; };
		189C9A942057828900F13C21 /* Gaspar Regular.otf in Resources */ = {isa = PBXBuildFile; fileRef = 189C9A902057828900F13C21 /* Gaspar Regular.otf */; };
		189C9A952057828900F13C21 /* MFJinHei_Noncommercial-Regular.ttf in Resources */ = {isa = PBXBuildFile; fileRef = 189C9A912057828900F13C21 /* MFJinHei_Noncommercial-Regular.ttf */; };
		189C9A962057828900F13C21 /* MFTongXin_Noncommercial-Regular.ttf in Resources */ = {isa = PBXBuildFile; fileRef = 189C9A922057828900F13C21 /* MFTongXin_Noncommercial-Regular.ttf */; };
		189C9A972057828900F13C21 /* MFZhiHei_Noncommercial-Regular.ttf in Resources */ = {isa = PBXBuildFile; fileRef = 189C9A932057828900F13C21 /* MFZhiHei_Noncommercial-Regular.ttf */; };
		18C5767E2044E84D00B952EA /* AppDelegate.swift in Sources */ = {isa = PBXBuildFile; fileRef = 18C5767D2044E84D00B952EA /* AppDelegate.swift */; };
		18C576802044E84D00B952EA /* ViewController.swift in Sources */ = {isa = PBXBuildFile; fileRef = 18C5767F2044E84D00B952EA /* ViewController.swift */; };
		18C576852044E84D00B952EA /* Assets.xcassets in Resources */ = {isa = PBXBuildFile; fileRef = 18C576842044E84D00B952EA /* Assets.xcassets */; };
		18C576882044E84D00B952EA /* LaunchScreen.storyboard in Resources */ = {isa = PBXBuildFile; fileRef = 18C576862044E84D00B952EA /* LaunchScreen.storyboard */; };
		18C576932045086500B952EA /* JWMainTableViewCell.swift in Sources */ = {isa = PBXBuildFile; fileRef = 18C576912045086500B952EA /* JWMainTableViewCell.swift */; };
		18C576942045086500B952EA /* JWMainTableViewCell.xib in Resources */ = {isa = PBXBuildFile; fileRef = 18C576922045086500B952EA /* JWMainTableViewCell.xib */; };
/* End PBXBuildFile section */

/* Begin PBXFileReference section */
		1843B8DC204F85B1002097E1 /* JWCustomFontViewController.swift */ = {isa = PBXFileReference; fileEncoding = 4; lastKnownFileType = sourcecode.swift; path = JWCustomFontViewController.swift; sourceTree = "<group>"; };
		1850513D204E395A001F8C2C /* UIColor+LJW.swift */ = {isa = PBXFileReference; fileEncoding = 4; lastKnownFileType = sourcecode.swift; path = "UIColor+LJW.swift"; sourceTree = "<group>"; };
		18505140204E39BA001F8C2C /* GlobalConst.swift */ = {isa = PBXFileReference; fileEncoding = 4; lastKnownFileType = sourcecode.swift; path = GlobalConst.swift; sourceTree = "<group>"; };
		18822909204D36E900EE7B3A /* JWStopWatchVController.swift */ = {isa = PBXFileReference; fileEncoding = 4; lastKnownFileType = sourcecode.swift; path = JWStopWatchVController.swift; sourceTree = "<group>"; };
		189C9A902057828900F13C21 /* Gaspar Regular.otf */ = {isa = PBXFileReference; lastKnownFileType = file; path = "Gaspar Regular.otf"; sourceTree = "<group>"; };
		189C9A912057828900F13C21 /* MFJinHei_Noncommercial-Regular.ttf */ = {isa = PBXFileReference; lastKnownFileType = file; path = "MFJinHei_Noncommercial-Regular.ttf"; sourceTree = "<group>"; };
		189C9A922057828900F13C21 /* MFTongXin_Noncommercial-Regular.ttf */ = {isa = PBXFileReference; lastKnownFileType = file; path = "MFTongXin_Noncommercial-Regular.ttf"; sourceTree = "<group>"; };
		189C9A932057828900F13C21 /* MFZhiHei_Noncommercial-Regular.ttf */ = {isa = PBXFileReference; lastKnownFileType = file; path = "MFZhiHei_Noncommercial-Regular.ttf"; sourceTree = "<group>"; };
		18C5767A2044E84D00B952EA /* MySwiftDemo.app */ = {isa = PBXFileReference; explicitFileType = wrapper.application; includeInIndex = 0; path = MySwiftDemo.app; sourceTree = BUILT_PRODUCTS_DIR; };
		18C5767D2044E84D00B952EA /* AppDelegate.swift */ = {isa = PBXFileReference; lastKnownFileType = sourcecode.swift; path = AppDelegate.swift; sourceTree = "<group>"; };
		18C5767F2044E84D00B952EA /* ViewController.swift */ = {isa = PBXFileReference; lastKnownFileType = sourcecode.swift; path = ViewController.swift; sourceTree = "<group>"; };
		18C576842044E84D00B952EA /* Assets.xcassets */ = {isa = PBXFileReference; lastKnownFileType = folder.assetcatalog; path = Assets.xcassets; sourceTree = "<group>"; };
		18C576872044E84D00B952EA /* Base */ = {isa = PBXFileReference; lastKnownFileType = file.storyboard; name = Base; path = Base.lproj/LaunchScreen.storyboard; sourceTree = "<group>"; };
		18C576892044E84D00B952EA /* Info.plist */ = {isa = PBXFileReference; lastKnownFileType = text.plist.xml; path = Info.plist; sourceTree = "<group>"; };
		18C576912045086500B952EA /* JWMainTableViewCell.swift */ = {isa = PBXFileReference; fileEncoding = 4; lastKnownFileType = sourcecode.swift; path = JWMainTableViewCell.swift; sourceTree = "<group>"; };
		18C576922045086500B952EA /* JWMainTableViewCell.xib */ = {isa = PBXFileReference; fileEncoding = 4; lastKnownFileType = file.xib; path = JWMainTableViewCell.xib; sourceTree = "<group>"; };
/* End PBXFileReference section */

/* Begin PBXFrameworksBuildPhase section */
		18C576772044E84D00B952EA /* Frameworks */ = {
			isa = PBXFrameworksBuildPhase;
			buildActionMask = 2147483647;
			files = (
			);
			runOnlyForDeploymentPostprocessing = 0;
		};
/* End PBXFrameworksBuildPhase section */

/* Begin PBXGroup section */
		1843B8DB204F8594002097E1 /* CustomFont */ = {
			isa = PBXGroup;
			children = (
				189C9A8F2057828900F13C21 /* fontSource */,
				1843B8DC204F85B1002097E1 /* JWCustomFontViewController.swift */,
			);
			path = CustomFont;
			sourceTree = "<group>";
		};
		1850513B204E393F001F8C2C /* Other */ = {
			isa = PBXGroup;
			children = (
				1850513F204E398A001F8C2C /* Const */,
				1850513C204E393F001F8C2C /* Category */,
			);
			path = Other;
			sourceTree = "<group>";
		};
		1850513C204E393F001F8C2C /* Category */ = {
			isa = PBXGroup;
			children = (
				1850513D204E395A001F8C2C /* UIColor+LJW.swift */,
			);
			path = Category;
			sourceTree = "<group>";
		};
		1850513F204E398A001F8C2C /* Const */ = {
			isa = PBXGroup;
			children = (
				18505140204E39BA001F8C2C /* GlobalConst.swift */,
			);
			path = Const;
			sourceTree = "<group>";
		};
		18822905204D36C400EE7B3A /* StopWatch */ = {
			isa = PBXGroup;
			children = (
				18822906204D36C400EE7B3A /* Controller */,
				18822907204D36C400EE7B3A /* Model */,
				18822908204D36C400EE7B3A /* View */,
			);
			path = StopWatch;
			sourceTree = "<group>";
		};
		18822906204D36C400EE7B3A /* Controller */ = {
			isa = PBXGroup;
			children = (
				18822909204D36E900EE7B3A /* JWStopWatchVController.swift */,
			);
			path = Controller;
			sourceTree = "<group>";
		};
		18822907204D36C400EE7B3A /* Model */ = {
			isa = PBXGroup;
			children = (
			);
			path = Model;
			sourceTree = "<group>";
		};
		18822908204D36C400EE7B3A /* View */ = {
			isa = PBXGroup;
			children = (
			);
			path = View;
			sourceTree = "<group>";
		};
		189C9A8F2057828900F13C21 /* fontSource */ = {
			isa = PBXGroup;
			children = (
				189C9A902057828900F13C21 /* Gaspar Regular.otf */,
				189C9A912057828900F13C21 /* MFJinHei_Noncommercial-Regular.ttf */,
				189C9A922057828900F13C21 /* MFTongXin_Noncommercial-Regular.ttf */,
				189C9A932057828900F13C21 /* MFZhiHei_Noncommercial-Regular.ttf */,
			);
			path = fontSource;
			sourceTree = "<group>";
		};
		18C576712044E84D00B952EA = {
			isa = PBXGroup;
			children = (
				18C5767C2044E84D00B952EA /* MySwiftDemo */,
				18C5767B2044E84D00B952EA /* Products */,
			);
			sourceTree = "<group>";
		};
		18C5767B2044E84D00B952EA /* Products */ = {
			isa = PBXGroup;
			children = (
				18C5767A2044E84D00B952EA /* MySwiftDemo.app */,
			);
			name = Products;
			sourceTree = "<group>";
		};
		18C5767C2044E84D00B952EA /* MySwiftDemo */ = {
			isa = PBXGroup;
			children = (
				18C5767D2044E84D00B952EA /* AppDelegate.swift */,
				18C5767F2044E84D00B952EA /* ViewController.swift */,
				18C576912045086500B952EA /* JWMainTableViewCell.swift */,
				18C576922045086500B952EA /* JWMainTableViewCell.xib */,
				18822905204D36C400EE7B3A /* StopWatch */,
				1843B8DB204F8594002097E1 /* CustomFont */,
				1850513B204E393F001F8C2C /* Other */,
				18C576842044E84D00B952EA /* Assets.xcassets */,
				18C576862044E84D00B952EA /* LaunchScreen.storyboard */,
				18C576892044E84D00B952EA /* Info.plist */,
			);
			path = MySwiftDemo;
			sourceTree = "<group>";
		};
/* End PBXGroup section */

/* Begin PBXNativeTarget section */
		18C576792044E84D00B952EA /* MySwiftDemo */ = {
			isa = PBXNativeTarget;
			buildConfigurationList = 18C5768C2044E84D00B952EA /* Build configuration list for PBXNativeTarget "MySwiftDemo" */;
			buildPhases = (
				18C576762044E84D00B952EA /* Sources */,
				18C576772044E84D00B952EA /* Frameworks */,
				18C576782044E84D00B952EA /* Resources */,
			);
			buildRules = (
			);
			dependencies = (
			);
			name = MySwiftDemo;
			productName = MySwiftDemo;
			productReference = 18C5767A2044E84D00B952EA /* MySwiftDemo.app */;
			productType = "com.apple.product-type.application";
		};
/* End PBXNativeTarget section */

/* Begin PBXProject section */
		18C576722044E84D00B952EA /* Project object */ = {
			isa = PBXProject;
			attributes = {
				LastSwiftUpdateCheck = 0820;
				LastUpgradeCheck = 0820;
				ORGANIZATIONNAME = ImbaWales;
				TargetAttributes = {
					18C576792044E84D00B952EA = {
						CreatedOnToolsVersion = 8.2.1;
						DevelopmentTeam = YUK632XB8V;
						ProvisioningStyle = Automatic;
					};
				};
			};
			buildConfigurationList = 18C576752044E84D00B952EA /* Build configuration list for PBXProject "MySwiftDemo" */;
			compatibilityVersion = "Xcode 3.2";
			developmentRegion = English;
			hasScannedForEncodings = 0;
			knownRegions = (
				en,
				Base,
			);
			mainGroup = 18C576712044E84D00B952EA;
			productRefGroup = 18C5767B2044E84D00B952EA /* Products */;
			projectDirPath = "";
			projectRoot = "";
			targets = (
				18C576792044E84D00B952EA /* MySwiftDemo */,
			);
		};
/* End PBXProject section */

/* Begin PBXResourcesBuildPhase section */
		18C576782044E84D00B952EA /* Resources */ = {
			isa = PBXResourcesBuildPhase;
			buildActionMask = 2147483647;
			files = (
				18C576882044E84D00B952EA /* LaunchScreen.storyboard in Resources */,
				189C9A942057828900F13C21 /* Gaspar Regular.otf in Resources */,
				189C9A972057828900F13C21 /* MFZhiHei_Noncommercial-Regular.ttf in Resources */,
				189C9A952057828900F13C21 /* MFJinHei_Noncommercial-Regular.ttf in Resources */,
				18C576942045086500B952EA /* JWMainTableViewCell.xib in Resources */,
				189C9A962057828900F13C21 /* MFTongXin_Noncommercial-Regular.ttf in Resources */,
				18C576852044E84D00B952EA /* Assets.xcassets in Resources */,
			);
			runOnlyForDeploymentPostprocessing = 0;
		};
/* End PBXResourcesBuildPhase section */

/* Begin PBXSourcesBuildPhase section */
		18C576762044E84D00B952EA /* Sources */ = {
			isa = PBXSourcesBuildPhase;
			buildActionMask = 2147483647;
			files = (
				18C576802044E84D00B952EA /* ViewController.swift in Sources */,
				18C576932045086500B952EA /* JWMainTableViewCell.swift in Sources */,
				1882290A204D36E900EE7B3A /* JWStopWatchVController.swift in Sources */,
				18C5767E2044E84D00B952EA /* AppDelegate.swift in Sources */,
				18505141204E39BA001F8C2C /* GlobalConst.swift in Sources */,
				1843B8DD204F85B1002097E1 /* JWCustomFontViewController.swift in Sources */,
				1850513E204E395A001F8C2C /* UIColor+LJW.swift in Sources */,
			);
			runOnlyForDeploymentPostprocessing = 0;
		};
/* End PBXSourcesBuildPhase section */

/* Begin PBXVariantGroup section */
		18C576862044E84D00B952EA /* LaunchScreen.storyboard */ = {
			isa = PBXVariantGroup;
			children = (
				18C576872044E84D00B952EA /* Base */,
			);
			name = LaunchScreen.storyboard;
			sourceTree = "<group>";
		};
/* End PBXVariantGroup section */

/* Begin XCBuildConfiguration section */
		18C5768A2044E84D00B952EA /* Debug */ = {
			isa = XCBuildConfiguration;
			buildSettings = {
				ALWAYS_SEARCH_USER_PATHS = NO;
				CLANG_ANALYZER_NONNULL = YES;
				CLANG_CXX_LANGUAGE_STANDARD = "gnu++0x";
				CLANG_CXX_LIBRARY = "libc++";
				CLANG_ENABLE_MODULES = YES;
				CLANG_ENABLE_OBJC_ARC = YES;
				CLANG_WARN_BOOL_CONVERSION = YES;
				CLANG_WARN_CONSTANT_CONVERSION = YES;
				CLANG_WARN_DIRECT_OBJC_ISA_USAGE = YES_ERROR;
				CLANG_WARN_DOCUMENTATION_COMMENTS = YES;
				CLANG_WARN_EMPTY_BODY = YES;
				CLANG_WARN_ENUM_CONVERSION = YES;
				CLANG_WARN_INFINITE_RECURSION = YES;
				CLANG_WARN_INT_CONVERSION = YES;
				CLANG_WARN_OBJC_ROOT_CLASS = YES_ERROR;
				CLANG_WARN_SUSPICIOUS_MOVE = YES;
				CLANG_WARN_UNREACHABLE_CODE = YES;
				CLANG_WARN__DUPLICATE_METHOD_MATCH = YES;
				"CODE_SIGN_IDENTITY[sdk=iphoneos*]" = "iPhone Developer";
				COPY_PHASE_STRIP = NO;
				DEBUG_INFORMATION_FORMAT = dwarf;
				ENABLE_STRICT_OBJC_MSGSEND = YES;
				ENABLE_TESTABILITY = YES;
				GCC_C_LANGUAGE_STANDARD = gnu99;
				GCC_DYNAMIC_NO_PIC = NO;
				GCC_NO_COMMON_BLOCKS = YES;
				GCC_OPTIMIZATION_LEVEL = 0;
				GCC_PREPROCESSOR_DEFINITIONS = (
					"DEBUG=1",
					"$(inherited)",
				);
				GCC_WARN_64_TO_32_BIT_CONVERSION = YES;
				GCC_WARN_ABOUT_RETURN_TYPE = YES_ERROR;
				GCC_WARN_UNDECLARED_SELECTOR = YES;
				GCC_WARN_UNINITIALIZED_AUTOS = YES_AGGRESSIVE;
				GCC_WARN_UNUSED_FUNCTION = YES;
				GCC_WARN_UNUSED_VARIABLE = YES;
				IPHONEOS_DEPLOYMENT_TARGET = 10.2;
				MTL_ENABLE_DEBUG_INFO = YES;
				ONLY_ACTIVE_ARCH = YES;
				SDKROOT = iphoneos;
				SWIFT_ACTIVE_COMPILATION_CONDITIONS = DEBUG;
				SWIFT_OPTIMIZATION_LEVEL = "-Onone";
			};
			name = Debug;
		};
		18C5768B2044E84D00B952EA /* Release */ = {
			isa = XCBuildConfiguration;
			buildSettings = {
				ALWAYS_SEARCH_USER_PATHS = NO;
				CLANG_ANALYZER_NONNULL = YES;
				CLANG_CXX_LANGUAGE_STANDARD = "gnu++0x";
				CLANG_CXX_LIBRARY = "libc++";
				CLANG_ENABLE_MODULES = YES;
				CLANG_ENABLE_OBJC_ARC = YES;
				CLANG_WARN_BOOL_CONVERSION = YES;
				CLANG_WARN_CONSTANT_CONVERSION = YES;
				CLANG_WARN_DIRECT_OBJC_ISA_USAGE = YES_ERROR;
				CLANG_WARN_DOCUMENTATION_COMMENTS = YES;
				CLANG_WARN_EMPTY_BODY = YES;
				CLANG_WARN_ENUM_CONVERSION = YES;
				CLANG_WARN_INFINITE_RECURSION = YES;
				CLANG_WARN_INT_CONVERSION = YES;
				CLANG_WARN_OBJC_ROOT_CLASS = YES_ERROR;
				CLANG_WARN_SUSPICIOUS_MOVE = YES;
				CLANG_WARN_UNREACHABLE_CODE = YES;
				CLANG_WARN__DUPLICATE_METHOD_MATCH = YES;
				"CODE_SIGN_IDENTITY[sdk=iphoneos*]" = "iPhone Developer";
				COPY_PHASE_STRIP = NO;
				DEBUG_INFORMATION_FORMAT = "dwarf-with-dsym";
				ENABLE_NS_ASSERTIONS = NO;
				ENABLE_STRICT_OBJC_MSGSEND = YES;
				GCC_C_LANGUAGE_STANDARD = gnu99;
				GCC_NO_COMMON_BLOCKS = YES;
				GCC_WARN_64_TO_32_BIT_CONVERSION = YES;
				GCC_WARN_ABOUT_RETURN_TYPE = YES_ERROR;
				GCC_WARN_UNDECLARED_SELECTOR = YES;
				GCC_WARN_UNINITIALIZED_AUTOS = YES_AGGRESSIVE;
				GCC_WARN_UNUSED_FUNCTION = YES;
				GCC_WARN_UNUSED_VARIABLE = YES;
				IPHONEOS_DEPLOYMENT_TARGET = 10.2;
				MTL_ENABLE_DEBUG_INFO = NO;
				SDKROOT = iphoneos;
				SWIFT_OPTIMIZATION_LEVEL = "-Owholemodule";
				VALIDATE_PRODUCT = YES;
			};
			name = Release;
		};
		18C5768D2044E84D00B952EA /* Debug */ = {
			isa = XCBuildConfiguration;
			buildSettings = {
				ASSETCATALOG_COMPILER_APPICON_NAME = AppIcon;
				DEVELOPMENT_TEAM = YUK632XB8V;
				INFOPLIST_FILE = MySwiftDemo/Info.plist;
				LD_RUNPATH_SEARCH_PATHS = "$(inherited) @executable_path/Frameworks";
				PRODUCT_BUNDLE_IDENTIFIER = com.wales.www.MySwiftDemo;
				PRODUCT_NAME = "$(TARGET_NAME)";
				SWIFT_VERSION = 3.0;
			};
			name = Debug;
		};
		18C5768E2044E84D00B952EA /* Release */ = {
			isa = XCBuildConfiguration;
			buildSettings = {
				ASSETCATALOG_COMPILER_APPICON_NAME = AppIcon;
				DEVELOPMENT_TEAM = YUK632XB8V;
				INFOPLIST_FILE = MySwiftDemo/Info.plist;
				LD_RUNPATH_SEARCH_PATHS = "$(inherited) @executable_path/Frameworks";
				PRODUCT_BUNDLE_IDENTIFIER = com.wales.www.MySwiftDemo;
				PRODUCT_NAME = "$(TARGET_NAME)";
				SWIFT_VERSION = 3.0;
			};
			name = Release;
		};
/* End XCBuildConfiguration section */

/* Begin XCConfigurationList section */
		18C576752044E84D00B952EA /* Build configuration list for PBXProject "MySwiftDemo" */ = {
			isa = XCConfigurationList;
			buildConfigurations = (
				18C5768A2044E84D00B952EA /* Debug */,
				18C5768B2044E84D00B952EA /* Release */,
			);
			defaultConfigurationIsVisible = 0;
			defaultConfigurationName = Release;
		};
		18C5768C2044E84D00B952EA /* Build configuration list for PBXNativeTarget "MySwiftDemo" */ = {
			isa = XCConfigurationList;
			buildConfigurations = (
				18C5768D2044E84D00B952EA /* Debug */,
				18C5768E2044E84D00B952EA /* Release */,
			);
			defaultConfigurationIsVisible = 0;
			defaultConfigurationName = Release;
		};
/* End XCConfigurationList section */
	};
	rootObject = 18C576722044E84D00B952EA /* Project object */;
}
